
Microsoft Visual Studio Solution File, Format Version 12.00
# Visual Studio Version 16
VisualStudioVersion = 16.0.30523.141
MinimumVisualStudioVersion = 10.0.40219.1
Project("{9A19103F-16F7-4668-BE54-9A1E7A4F7556}") = "StudentDiary", "Diary\StudentDiary.csproj", "{40515FD0-4BD5-41B5-8EB2-67FE1568F7F3}"
EndProject
Project("{9A19103F-16F7-4668-BE54-9A1E7A4F7556}") = "Hello", "Hello\Hello.csproj", "{AAB8F8BF-6355-46E0-902E-68CF4ABD0B66}"
EndProject
Project("{9A19103F-16F7-4668-BE54-9A1E7A4F7556}") = "Constructors", "Constructors\Constructors.csproj", "{A5423C61-60A1-4921-A77C-89A2BFE6CDF0}"
EndProject
Project("{9A19103F-16F7-4668-BE54-9A1E7A4F7556}") = "Odcinek10", "Odcinek10\Odcinek10.csproj", "{38669BB7-8F27-4C8B-BA73-13E0909A4CA5}"
EndProject
Project("{9A19103F-16F7-4668-BE54-9A1E7A4F7556}") = "Typy", "Typy\Typy.csproj", "{4DB3660D-5D95-4052-BC11-8BD9D0925B2E}"
EndProject
Project("{FAE04EC0-301F-11D3-BF4B-00C04F79EFBC}") = "Typy.Tests", "Typy.Tests\Typy.Tests.csproj", "{B9D7F21E-667C-485D-AF02-1B63C1629118}"
EndProject
Project("{9A19103F-16F7-4668-BE54-9A1E7A4F7556}") = "Speech", "Speech\Speech.csproj", "{169CB8E9-D66E-4A13-82C6-BAAF2C8BF43C}"
EndProject
Project("{FAE04EC0-301F-11D3-BF4B-00C04F79EFBC}") = "Members", "Members\Members.csproj", "{06ED4710-101A-4045-A589-D2FDC2659354}"
EndProject
Project("{FAE04EC0-301F-11D3-BF4B-00C04F79EFBC}") = "FlowControl", "FlowControl\FlowControl.csproj", "{D2D98A73-E3AA-4A35-B944-5E1CCC6687C7}"
EndProject
Global
	GlobalSection(SolutionConfigurationPlatforms) = preSolution
		Debug|Any CPU = Debug|Any CPU
		Release|Any CPU = Release|Any CPU
	EndGlobalSection
	GlobalSection(ProjectConfigurationPlatforms) = postSolution
		{40515FD0-4BD5-41B5-8EB2-67FE1568F7F3}.Debug|Any CPU.ActiveCfg = Debug|Any CPU
		{40515FD0-4BD5-41B5-8EB2-67FE1568F7F3}.Debug|Any CPU.Build.0 = Debug|Any CPU
		{40515FD0-4BD5-41B5-8EB2-67FE1568F7F3}.Release|Any CPU.ActiveCfg = Release|Any CPU
		{40515FD0-4BD5-41B5-8EB2-67FE1568F7F3}.Release|Any CPU.Build.0 = Release|Any CPU
		{AAB8F8BF-6355-46E0-902E-68CF4ABD0B66}.Debug|Any CPU.ActiveCfg = Debug|Any CPU
		{AAB8F8BF-6355-46E0-902E-68CF4ABD0B66}.Debug|Any CPU.Build.0 = Debug|Any CPU
		{AAB8F8BF-6355-46E0-902E-68CF4ABD0B66}.Release|Any CPU.ActiveCfg = Release|Any CPU
		{AAB8F8BF-6355-46E0-902E-68CF4ABD0B66}.Release|Any CPU.Build.0 = Release|Any CPU
		{A5423C61-60A1-4921-A77C-89A2BFE6CDF0}.Debug|Any CPU.ActiveCfg = Debug|Any CPU
		{A5423C61-60A1-4921-A77C-89A2BFE6CDF0}.Debug|Any CPU.Build.0 = Debug|Any CPU
		{A5423C61-60A1-4921-A77C-89A2BFE6CDF0}.Release|Any CPU.ActiveCfg = Release|Any CPU
		{A5423C61-60A1-4921-A77C-89A2BFE6CDF0}.Release|Any CPU.Build.0 = Release|Any CPU
		{38669BB7-8F27-4C8B-BA73-13E0909A4CA5}.Debug|Any CPU.ActiveCfg = Debug|Any CPU
		{38669BB7-8F27-4C8B-BA73-13E0909A4CA5}.Debug|Any CPU.Build.0 = Debug|Any CPU
		{38669BB7-8F27-4C8B-BA73-13E0909A4CA5}.Release|Any CPU.ActiveCfg = Release|Any CPU
		{38669BB7-8F27-4C8B-BA73-13E0909A4CA5}.Release|Any CPU.Build.0 = Release|Any CPU
		{4DB3660D-5D95-4052-BC11-8BD9D0925B2E}.Debug|Any CPU.ActiveCfg = Debug|Any CPU
		{4DB3660D-5D95-4052-BC11-8BD9D0925B2E}.Debug|Any CPU.Build.0 = Debug|Any CPU
		{4DB3660D-5D95-4052-BC11-8BD9D0925B2E}.Release|Any CPU.ActiveCfg = Release|Any CPU
		{4DB3660D-5D95-4052-BC11-8BD9D0925B2E}.Release|Any CPU.Build.0 = Release|Any CPU
		{B9D7F21E-667C-485D-AF02-1B63C1629118}.Debug|Any CPU.ActiveCfg = Debug|Any CPU
		{B9D7F21E-667C-485D-AF02-1B63C1629118}.Debug|Any CPU.Build.0 = Debug|Any CPU
		{B9D7F21E-667C-485D-AF02-1B63C1629118}.Release|Any CPU.ActiveCfg = Release|Any CPU
		{B9D7F21E-667C-485D-AF02-1B63C1629118}.Release|Any CPU.Build.0 = Release|Any CPU
		{169CB8E9-D66E-4A13-82C6-BAAF2C8BF43C}.Debug|Any CPU.ActiveCfg = Debug|Any CPU
		{169CB8E9-D66E-4A13-82C6-BAAF2C8BF43C}.Debug|Any CPU.Build.0 = Debug|Any CPU
		{169CB8E9-D66E-4A13-82C6-BAAF2C8BF43C}.Release|Any CPU.ActiveCfg = Release|Any CPU
		{169CB8E9-D66E-4A13-82C6-BAAF2C8BF43C}.Release|Any CPU.Build.0 = Release|Any CPU
		{06ED4710-101A-4045-A589-D2FDC2659354}.Debug|Any CPU.ActiveCfg = Debug|Any CPU
		{06ED4710-101A-4045-A589-D2FDC2659354}.Debug|Any CPU.Build.0 = Debug|Any CPU
		{06ED4710-101A-4045-A589-D2FDC2659354}.Release|Any CPU.ActiveCfg = Release|Any CPU
		{06ED4710-101A-4045-A589-D2FDC2659354}.Release|Any CPU.Build.0 = Release|Any CPU
		{D2D98A73-E3AA-4A35-B944-5E1CCC6687C7}.Debug|Any CPU.ActiveCfg = Debug|Any CPU
		{D2D98A73-E3AA-4A35-B944-5E1CCC6687C7}.Debug|Any CPU.Build.0 = Debug|Any CPU
		{D2D98A73-E3AA-4A35-B944-5E1CCC6687C7}.Release|Any CPU.ActiveCfg = Release|Any CPU
		{D2D98A73-E3AA-4A35-B944-5E1CCC6687C7}.Release|Any CPU.Build.0 = Release|Any CPU
	EndGlobalSection
	GlobalSection(SolutionProperties) = preSolution
		HideSolutionNode = FALSE
	EndGlobalSection
	GlobalSection(ExtensibilityGlobals) = postSolution
		SolutionGuid = {0337BE44-3E8F-482B-9C39-F29FC338C3EC}
	EndGlobalSection
EndGlobal
